// !$*UTF8*$!
{
	archiveVersion = 1;
	classes = {
	};
	objectVersion = 55;
	objects = {

/* Begin PBXBuildFile section */
		0212C5A928D26F8B006CEDB5 /* MainTabView.swift in Sources */ = {isa = PBXBuildFile; fileRef = 0212C5A828D26F8B006CEDB5 /* MainTabView.swift */; };
		0212C5AC28D2823C006CEDB5 /* AuthService.swift in Sources */ = {isa = PBXBuildFile; fileRef = 0212C5AB28D2823C006CEDB5 /* AuthService.swift */; };
		0212C5AE28D2883F006CEDB5 /* AuthViewModel.swift in Sources */ = {isa = PBXBuildFile; fileRef = 0212C5AD28D2883F006CEDB5 /* AuthViewModel.swift */; };
		0212C5B028D288C3006CEDB5 /* AuthView.swift in Sources */ = {isa = PBXBuildFile; fileRef = 0212C5AF28D288C3006CEDB5 /* AuthView.swift */; };
		0212C5B228D28B49006CEDB5 /* ProfileView.swift in Sources */ = {isa = PBXBuildFile; fileRef = 0212C5B128D28B49006CEDB5 /* ProfileView.swift */; };
		0232F47628D8EA97004232AA /* FormViewModel.swift in Sources */ = {isa = PBXBuildFile; fileRef = 0232F47528D8EA96004232AA /* FormViewModel.swift */; };
		0232F47828D942B8004232AA /* PrimaryButtonStyle.swift in Sources */ = {isa = PBXBuildFile; fileRef = 0232F47728D942B8004232AA /* PrimaryButtonStyle.swift */; };
		02539B5A28CFA5BE00DAE5C0 /* RocialApp.swift in Sources */ = {isa = PBXBuildFile; fileRef = 02539B5928CFA5BE00DAE5C0 /* RocialApp.swift */; };
		02539B5C28CFA5BE00DAE5C0 /* ContentView.swift in Sources */ = {isa = PBXBuildFile; fileRef = 02539B5B28CFA5BE00DAE5C0 /* ContentView.swift */; };
		02539B5E28CFA5C000DAE5C0 /* Assets.xcassets in Resources */ = {isa = PBXBuildFile; fileRef = 02539B5D28CFA5C000DAE5C0 /* Assets.xcassets */; };
		02539B6128CFA5C000DAE5C0 /* Preview Assets.xcassets in Resources */ = {isa = PBXBuildFile; fileRef = 02539B6028CFA5C000DAE5C0 /* Preview Assets.xcassets */; };
		02539B7128CFADAD00DAE5C0 /* Post.swift in Sources */ = {isa = PBXBuildFile; fileRef = 02539B7028CFADAD00DAE5C0 /* Post.swift */; };
		02539B7328CFADC500DAE5C0 /* NewPostForm.swift in Sources */ = {isa = PBXBuildFile; fileRef = 02539B7228CFADC500DAE5C0 /* NewPostForm.swift */; };
		02539B7528CFADD000DAE5C0 /* PostRow.swift in Sources */ = {isa = PBXBuildFile; fileRef = 02539B7428CFADD000DAE5C0 /* PostRow.swift */; };
		02539B7728CFADEA00DAE5C0 /* PostsList.swift in Sources */ = {isa = PBXBuildFile; fileRef = 02539B7628CFADEA00DAE5C0 /* PostsList.swift */; };
		02539B7928CFAE0200DAE5C0 /* PostsViewModel.swift in Sources */ = {isa = PBXBuildFile; fileRef = 02539B7828CFAE0200DAE5C0 /* PostsViewModel.swift */; };
		02539B7B28CFAE4500DAE5C0 /* Loadable.swift in Sources */ = {isa = PBXBuildFile; fileRef = 02539B7A28CFAE4500DAE5C0 /* Loadable.swift */; };
		02539B7D28CFAE6100DAE5C0 /* EmptyListView.swift in Sources */ = {isa = PBXBuildFile; fileRef = 02539B7C28CFAE6100DAE5C0 /* EmptyListView.swift */; };
		02539B7F28CFAE9F00DAE5C0 /* AlertError.swift in Sources */ = {isa = PBXBuildFile; fileRef = 02539B7E28CFAE9F00DAE5C0 /* AlertError.swift */; };
		02539B8128CFAECE00DAE5C0 /* GoogleService-Info.plist in Resources */ = {isa = PBXBuildFile; fileRef = 02539B8028CFAECE00DAE5C0 /* GoogleService-Info.plist */; };
		02539B8328CFAEF100DAE5C0 /* PostsRepository.swift in Sources */ = {isa = PBXBuildFile; fileRef = 02539B8228CFAEF100DAE5C0 /* PostsRepository.swift */; };
		02539B8628CFB0A300DAE5C0 /* FirebaseAnalytics in Frameworks */ = {isa = PBXBuildFile; productRef = 02539B8528CFB0A300DAE5C0 /* FirebaseAnalytics */; };
		02539B8828CFB0A300DAE5C0 /* FirebaseAuth in Frameworks */ = {isa = PBXBuildFile; productRef = 02539B8728CFB0A300DAE5C0 /* FirebaseAuth */; };
		02539B8A28CFB0A300DAE5C0 /* FirebaseFirestore in Frameworks */ = {isa = PBXBuildFile; productRef = 02539B8928CFB0A300DAE5C0 /* FirebaseFirestore */; };
		02539B8C28CFB0A300DAE5C0 /* FirebaseFirestoreSwift in Frameworks */ = {isa = PBXBuildFile; productRef = 02539B8B28CFB0A300DAE5C0 /* FirebaseFirestoreSwift */; };
		0267B67828DA3A5A0001E394 /* User.swift in Sources */ = {isa = PBXBuildFile; fileRef = 0267B67728DA3A5A0001E394 /* User.swift */; };
		0267B67A28DA3DB10001E394 /* ViewModelFactory.swift in Sources */ = {isa = PBXBuildFile; fileRef = 0267B67928DA3DB10001E394 /* ViewModelFactory.swift */; };
		02E7010228CFDCF70015DE2F /* PostRowViewModel.swift in Sources */ = {isa = PBXBuildFile; fileRef = 02E7010128CFDCF70015DE2F /* PostRowViewModel.swift */; };
/* End PBXBuildFile section */

/* Begin PBXFileReference section */
		0212C5A828D26F8B006CEDB5 /* MainTabView.swift */ = {isa = PBXFileReference; lastKnownFileType = sourcecode.swift; path = MainTabView.swift; sourceTree = "<group>"; };
		0212C5AB28D2823C006CEDB5 /* AuthService.swift */ = {isa = PBXFileReference; lastKnownFileType = sourcecode.swift; path = AuthService.swift; sourceTree = "<group>"; };
		0212C5AD28D2883F006CEDB5 /* AuthViewModel.swift */ = {isa = PBXFileReference; lastKnownFileType = sourcecode.swift; path = AuthViewModel.swift; sourceTree = "<group>"; };
		0212C5AF28D288C3006CEDB5 /* AuthView.swift */ = {isa = PBXFileReference; lastKnownFileType = sourcecode.swift; path = AuthView.swift; sourceTree = "<group>"; };
		0212C5B128D28B49006CEDB5 /* ProfileView.swift */ = {isa = PBXFileReference; lastKnownFileType = sourcecode.swift; path = ProfileView.swift; sourceTree = "<group>"; };
		0232F47528D8EA96004232AA /* FormViewModel.swift */ = {isa = PBXFileReference; lastKnownFileType = sourcecode.swift; path = FormViewModel.swift; sourceTree = "<group>"; };
		0232F47728D942B8004232AA /* PrimaryButtonStyle.swift */ = {isa = PBXFileReference; lastKnownFileType = sourcecode.swift; path = PrimaryButtonStyle.swift; sourceTree = "<group>"; };
		02539B5628CFA5BE00DAE5C0 /* Rocial.app */ = {isa = PBXFileReference; explicitFileType = wrapper.application; includeInIndex = 0; path = Rocial.app; sourceTree = BUILT_PRODUCTS_DIR; };
		02539B5928CFA5BE00DAE5C0 /* RocialApp.swift */ = {isa = PBXFileReference; lastKnownFileType = sourcecode.swift; path = RocialApp.swift; sourceTree = "<group>"; };
		02539B5B28CFA5BE00DAE5C0 /* ContentView.swift */ = {isa = PBXFileReference; lastKnownFileType = sourcecode.swift; path = ContentView.swift; sourceTree = "<group>"; };
		02539B5D28CFA5C000DAE5C0 /* Assets.xcassets */ = {isa = PBXFileReference; lastKnownFileType = folder.assetcatalog; path = Assets.xcassets; sourceTree = "<group>"; };
		02539B6028CFA5C000DAE5C0 /* Preview Assets.xcassets */ = {isa = PBXFileReference; lastKnownFileType = folder.assetcatalog; path = "Preview Assets.xcassets"; sourceTree = "<group>"; };
		02539B7028CFADAD00DAE5C0 /* Post.swift */ = {isa = PBXFileReference; lastKnownFileType = sourcecode.swift; path = Post.swift; sourceTree = "<group>"; };
		02539B7228CFADC500DAE5C0 /* NewPostForm.swift */ = {isa = PBXFileReference; lastKnownFileType = sourcecode.swift; path = NewPostForm.swift; sourceTree = "<group>"; };
		02539B7428CFADD000DAE5C0 /* PostRow.swift */ = {isa = PBXFileReference; lastKnownFileType = sourcecode.swift; path = PostRow.swift; sourceTree = "<group>"; };
		02539B7628CFADEA00DAE5C0 /* PostsList.swift */ = {isa = PBXFileReference; lastKnownFileType = sourcecode.swift; path = PostsList.swift; sourceTree = "<group>"; };
		02539B7828CFAE0200DAE5C0 /* PostsViewModel.swift */ = {isa = PBXFileReference; lastKnownFileType = sourcecode.swift; path = PostsViewModel.swift; sourceTree = "<group>"; };
		02539B7A28CFAE4500DAE5C0 /* Loadable.swift */ = {isa = PBXFileReference; lastKnownFileType = sourcecode.swift; path = Loadable.swift; sourceTree = "<group>"; };
		02539B7C28CFAE6100DAE5C0 /* EmptyListView.swift */ = {isa = PBXFileReference; lastKnownFileType = sourcecode.swift; path = EmptyListView.swift; sourceTree = "<group>"; };
		02539B7E28CFAE9F00DAE5C0 /* AlertError.swift */ = {isa = PBXFileReference; lastKnownFileType = sourcecode.swift; path = AlertError.swift; sourceTree = "<group>"; };
		02539B8028CFAECE00DAE5C0 /* GoogleService-Info.plist */ = {isa = PBXFileReference; fileEncoding = 4; lastKnownFileType = text.plist.xml; path = "GoogleService-Info.plist"; sourceTree = "<group>"; };
		02539B8228CFAEF100DAE5C0 /* PostsRepository.swift */ = {isa = PBXFileReference; lastKnownFileType = sourcecode.swift; path = PostsRepository.swift; sourceTree = "<group>"; };
		0267B67728DA3A5A0001E394 /* User.swift */ = {isa = PBXFileReference; lastKnownFileType = sourcecode.swift; path = User.swift; sourceTree = "<group>"; };
		0267B67928DA3DB10001E394 /* ViewModelFactory.swift */ = {isa = PBXFileReference; lastKnownFileType = sourcecode.swift; path = ViewModelFactory.swift; sourceTree = "<group>"; };
		02E7010128CFDCF70015DE2F /* PostRowViewModel.swift */ = {isa = PBXFileReference; lastKnownFileType = sourcecode.swift; path = PostRowViewModel.swift; sourceTree = "<group>"; };
/* End PBXFileReference section */

/* Begin PBXFrameworksBuildPhase section */
		02539B5328CFA5BE00DAE5C0 /* Frameworks */ = {
			isa = PBXFrameworksBuildPhase;
			buildActionMask = 2147483647;
			files = (
				02539B8628CFB0A300DAE5C0 /* FirebaseAnalytics in Frameworks */,
				02539B8828CFB0A300DAE5C0 /* FirebaseAuth in Frameworks */,
				02539B8A28CFB0A300DAE5C0 /* FirebaseFirestore in Frameworks */,
				02539B8C28CFB0A300DAE5C0 /* FirebaseFirestoreSwift in Frameworks */,
			);
			runOnlyForDeploymentPostprocessing = 0;
		};
/* End PBXFrameworksBuildPhase section */

/* Begin PBXGroup section */
		0212C5AA28D2820E006CEDB5 /* Services */ = {
			isa = PBXGroup;
			children = (
				0212C5AB28D2823C006CEDB5 /* AuthService.swift */,
			);
			path = Services;
			sourceTree = "<group>";
		};
		02539B4D28CFA5BE00DAE5C0 = {
			isa = PBXGroup;
			children = (
				02539B5828CFA5BE00DAE5C0 /* Rocial */,
				02539B5728CFA5BE00DAE5C0 /* Products */,
			);
			sourceTree = "<group>";
		};
		02539B5728CFA5BE00DAE5C0 /* Products */ = {
			isa = PBXGroup;
			children = (
				02539B5628CFA5BE00DAE5C0 /* Rocial.app */,
			);
			name = Products;
			sourceTree = "<group>";
		};
		02539B5828CFA5BE00DAE5C0 /* Rocial */ = {
			isa = PBXGroup;
			children = (
				02539B6828CFAA4700DAE5C0 /* Models */,
				02539B6F28CFABAB00DAE5C0 /* Views */,
				02539B6E28CFABA000DAE5C0 /* View Models */,
				02539B6A28CFAA5B00DAE5C0 /* Repositories */,
				02539B6C28CFAA7F00DAE5C0 /* Supporting Views */,
				02539B6D28CFAB9300DAE5C0 /* Utilites */,
				0212C5AA28D2820E006CEDB5 /* Services */,
				02539B6B28CFAA7100DAE5C0 /* Resources */,
				02539B6928CFAA5100DAE5C0 /* Products */,
				02539B6728CFAA3700DAE5C0 /* Frameworks */,
				02539B5928CFA5BE00DAE5C0 /* RocialApp.swift */,
				02539B5B28CFA5BE00DAE5C0 /* ContentView.swift */,
			);
			path = Rocial;
			sourceTree = "<group>";
		};
		02539B5F28CFA5C000DAE5C0 /* Preview Content */ = {
			isa = PBXGroup;
			children = (
				02539B6028CFA5C000DAE5C0 /* Preview Assets.xcassets */,
			);
			path = "Preview Content";
			sourceTree = "<group>";
		};
		02539B6728CFAA3700DAE5C0 /* Frameworks */ = {
			isa = PBXGroup;
			children = (
			);
			path = Frameworks;
			sourceTree = "<group>";
		};
		02539B6828CFAA4700DAE5C0 /* Models */ = {
			isa = PBXGroup;
			children = (
				02539B7028CFADAD00DAE5C0 /* Post.swift */,
				0267B67728DA3A5A0001E394 /* User.swift */,
			);
			path = Models;
			sourceTree = "<group>";
		};
		02539B6928CFAA5100DAE5C0 /* Products */ = {
			isa = PBXGroup;
			children = (
			);
			path = Products;
			sourceTree = "<group>";
		};
		02539B6A28CFAA5B00DAE5C0 /* Repositories */ = {
			isa = PBXGroup;
			children = (
				02539B8228CFAEF100DAE5C0 /* PostsRepository.swift */,
			);
			path = Repositories;
			sourceTree = "<group>";
		};
		02539B6B28CFAA7100DAE5C0 /* Resources */ = {
			isa = PBXGroup;
			children = (
				02539B5D28CFA5C000DAE5C0 /* Assets.xcassets */,
				02539B5F28CFA5C000DAE5C0 /* Preview Content */,
				02539B8028CFAECE00DAE5C0 /* GoogleService-Info.plist */,
			);
			path = Resources;
			sourceTree = "<group>";
		};
		02539B6C28CFAA7F00DAE5C0 /* Supporting Views */ = {
			isa = PBXGroup;
			children = (
				02539B7C28CFAE6100DAE5C0 /* EmptyListView.swift */,
				02539B7E28CFAE9F00DAE5C0 /* AlertError.swift */,
				0232F47728D942B8004232AA /* PrimaryButtonStyle.swift */,
			);
			path = "Supporting Views";
			sourceTree = "<group>";
		};
		02539B6D28CFAB9300DAE5C0 /* Utilites */ = {
			isa = PBXGroup;
			children = (
				02539B7A28CFAE4500DAE5C0 /* Loadable.swift */,
			);
			path = Utilites;
			sourceTree = "<group>";
		};
		02539B6E28CFABA000DAE5C0 /* View Models */ = {
			isa = PBXGroup;
			children = (
				02539B7828CFAE0200DAE5C0 /* PostsViewModel.swift */,
				02E7010128CFDCF70015DE2F /* PostRowViewModel.swift */,
				0212C5AD28D2883F006CEDB5 /* AuthViewModel.swift */,
				0232F47528D8EA96004232AA /* FormViewModel.swift */,
				0267B67928DA3DB10001E394 /* ViewModelFactory.swift */,
			);
			path = "View Models";
			sourceTree = "<group>";
		};
		02539B6F28CFABAB00DAE5C0 /* Views */ = {
			isa = PBXGroup;
			children = (
				02539B7228CFADC500DAE5C0 /* NewPostForm.swift */,
				02539B7428CFADD000DAE5C0 /* PostRow.swift */,
				02539B7628CFADEA00DAE5C0 /* PostsList.swift */,
				0212C5A828D26F8B006CEDB5 /* MainTabView.swift */,
				0212C5AF28D288C3006CEDB5 /* AuthView.swift */,
				0212C5B128D28B49006CEDB5 /* ProfileView.swift */,
			);
			path = Views;
			sourceTree = "<group>";
		};
/* End PBXGroup section */

/* Begin PBXNativeTarget section */
		02539B5528CFA5BE00DAE5C0 /* Rocial */ = {
			isa = PBXNativeTarget;
			buildConfigurationList = 02539B6428CFA5C000DAE5C0 /* Build configuration list for PBXNativeTarget "Rocial" */;
			buildPhases = (
				02539B5228CFA5BE00DAE5C0 /* Sources */,
				02539B5328CFA5BE00DAE5C0 /* Frameworks */,
				02539B5428CFA5BE00DAE5C0 /* Resources */,
			);
			buildRules = (
			);
			dependencies = (
			);
			name = Rocial;
			packageProductDependencies = (
				02539B8528CFB0A300DAE5C0 /* FirebaseAnalytics */,
				02539B8728CFB0A300DAE5C0 /* FirebaseAuth */,
				02539B8928CFB0A300DAE5C0 /* FirebaseFirestore */,
				02539B8B28CFB0A300DAE5C0 /* FirebaseFirestoreSwift */,
			);
			productName = Rocial;
			productReference = 02539B5628CFA5BE00DAE5C0 /* Rocial.app */;
			productType = "com.apple.product-type.application";
		};
/* End PBXNativeTarget section */

/* Begin PBXProject section */
		02539B4E28CFA5BE00DAE5C0 /* Project object */ = {
			isa = PBXProject;
			attributes = {
				BuildIndependentTargetsInParallel = 1;
				LastSwiftUpdateCheck = 1320;
				LastUpgradeCheck = 1320;
				TargetAttributes = {
					02539B5528CFA5BE00DAE5C0 = {
						CreatedOnToolsVersion = 13.2.1;
					};
				};
			};
			buildConfigurationList = 02539B5128CFA5BE00DAE5C0 /* Build configuration list for PBXProject "Rocial" */;
			compatibilityVersion = "Xcode 13.0";
			developmentRegion = en;
			hasScannedForEncodings = 0;
			knownRegions = (
				en,
				Base,
			);
			mainGroup = 02539B4D28CFA5BE00DAE5C0;
			packageReferences = (
				02539B8428CFB0A300DAE5C0 /* XCRemoteSwiftPackageReference "firebase-ios-sdk" */,
			);
			productRefGroup = 02539B5728CFA5BE00DAE5C0 /* Products */;
			projectDirPath = "";
			projectRoot = "";
			targets = (
				02539B5528CFA5BE00DAE5C0 /* Rocial */,
			);
		};
/* End PBXProject section */

/* Begin PBXResourcesBuildPhase section */
		02539B5428CFA5BE00DAE5C0 /* Resources */ = {
			isa = PBXResourcesBuildPhase;
			buildActionMask = 2147483647;
			files = (
				02539B6128CFA5C000DAE5C0 /* Preview Assets.xcassets in Resources */,
				02539B5E28CFA5C000DAE5C0 /* Assets.xcassets in Resources */,
				02539B8128CFAECE00DAE5C0 /* GoogleService-Info.plist in Resources */,
			);
			runOnlyForDeploymentPostprocessing = 0;
		};
/* End PBXResourcesBuildPhase section */

/* Begin PBXSourcesBuildPhase section */
		02539B5228CFA5BE00DAE5C0 /* Sources */ = {
			isa = PBXSourcesBuildPhase;
			buildActionMask = 2147483647;
			files = (
				02539B7328CFADC500DAE5C0 /* NewPostForm.swift in Sources */,
				02539B8328CFAEF100DAE5C0 /* PostsRepository.swift in Sources */,
				02539B7728CFADEA00DAE5C0 /* PostsList.swift in Sources */,
				02E7010228CFDCF70015DE2F /* PostRowViewModel.swift in Sources */,
				0212C5A928D26F8B006CEDB5 /* MainTabView.swift in Sources */,
				0212C5AE28D2883F006CEDB5 /* AuthViewModel.swift in Sources */,
				0267B67A28DA3DB10001E394 /* ViewModelFactory.swift in Sources */,
				0212C5B028D288C3006CEDB5 /* AuthView.swift in Sources */,
				02539B7128CFADAD00DAE5C0 /* Post.swift in Sources */,
				0267B67828DA3A5A0001E394 /* User.swift in Sources */,
				02539B7528CFADD000DAE5C0 /* PostRow.swift in Sources */,
				0212C5B228D28B49006CEDB5 /* ProfileView.swift in Sources */,
				02539B5C28CFA5BE00DAE5C0 /* ContentView.swift in Sources */,
				02539B7F28CFAE9F00DAE5C0 /* AlertError.swift in Sources */,
				0232F47628D8EA97004232AA /* FormViewModel.swift in Sources */,
				0232F47828D942B8004232AA /* PrimaryButtonStyle.swift in Sources */,
				02539B7B28CFAE4500DAE5C0 /* Loadable.swift in Sources */,
				02539B5A28CFA5BE00DAE5C0 /* RocialApp.swift in Sources */,
				02539B7928CFAE0200DAE5C0 /* PostsViewModel.swift in Sources */,
				02539B7D28CFAE6100DAE5C0 /* EmptyListView.swift in Sources */,
				0212C5AC28D2823C006CEDB5 /* AuthService.swift in Sources */,
			);
			runOnlyForDeploymentPostprocessing = 0;
		};
/* End PBXSourcesBuildPhase section */

/* Begin XCBuildConfiguration section */
		02539B6228CFA5C000DAE5C0 /* Debug */ = {
			isa = XCBuildConfiguration;
			buildSettings = {
				ALWAYS_SEARCH_USER_PATHS = NO;
				CLANG_ANALYZER_NONNULL = YES;
				CLANG_ANALYZER_NUMBER_OBJECT_CONVERSION = YES_AGGRESSIVE;
				CLANG_CXX_LANGUAGE_STANDARD = "gnu++17";
				CLANG_CXX_LIBRARY = "libc++";
				CLANG_ENABLE_MODULES = YES;
				CLANG_ENABLE_OBJC_ARC = YES;
				CLANG_ENABLE_OBJC_WEAK = YES;
				CLANG_WARN_BLOCK_CAPTURE_AUTORELEASING = YES;
				CLANG_WARN_BOOL_CONVERSION = YES;
				CLANG_WARN_COMMA = YES;
				CLANG_WARN_CONSTANT_CONVERSION = YES;
				CLANG_WARN_DEPRECATED_OBJC_IMPLEMENTATIONS = YES;
				CLANG_WARN_DIRECT_OBJC_ISA_USAGE = YES_ERROR;
				CLANG_WARN_DOCUMENTATION_COMMENTS = YES;
				CLANG_WARN_EMPTY_BODY = YES;
				CLANG_WARN_ENUM_CONVERSION = YES;
				CLANG_WARN_INFINITE_RECURSION = YES;
				CLANG_WARN_INT_CONVERSION = YES;
				CLANG_WARN_NON_LITERAL_NULL_CONVERSION = YES;
				CLANG_WARN_OBJC_IMPLICIT_RETAIN_SELF = YES;
				CLANG_WARN_OBJC_LITERAL_CONVERSION = YES;
				CLANG_WARN_OBJC_ROOT_CLASS = YES_ERROR;
				CLANG_WARN_QUOTED_INCLUDE_IN_FRAMEWORK_HEADER = YES;
				CLANG_WARN_RANGE_LOOP_ANALYSIS = YES;
				CLANG_WARN_STRICT_PROTOTYPES = YES;
				CLANG_WARN_SUSPICIOUS_MOVE = YES;
				CLANG_WARN_UNGUARDED_AVAILABILITY = YES_AGGRESSIVE;
				CLANG_WARN_UNREACHABLE_CODE = YES;
				CLANG_WARN__DUPLICATE_METHOD_MATCH = YES;
				COPY_PHASE_STRIP = NO;
				DEBUG_INFORMATION_FORMAT = dwarf;
				ENABLE_STRICT_OBJC_MSGSEND = YES;
				ENABLE_TESTABILITY = YES;
				GCC_C_LANGUAGE_STANDARD = gnu11;
				GCC_DYNAMIC_NO_PIC = NO;
				GCC_NO_COMMON_BLOCKS = YES;
				GCC_OPTIMIZATION_LEVEL = 0;
				GCC_PREPROCESSOR_DEFINITIONS = (
					"DEBUG=1",
					"$(inherited)",
				);
				GCC_WARN_64_TO_32_BIT_CONVERSION = YES;
				GCC_WARN_ABOUT_RETURN_TYPE = YES_ERROR;
				GCC_WARN_UNDECLARED_SELECTOR = YES;
				GCC_WARN_UNINITIALIZED_AUTOS = YES_AGGRESSIVE;
				GCC_WARN_UNUSED_FUNCTION = YES;
				GCC_WARN_UNUSED_VARIABLE = YES;
				IPHONEOS_DEPLOYMENT_TARGET = 15.2;
				MTL_ENABLE_DEBUG_INFO = INCLUDE_SOURCE;
				MTL_FAST_MATH = YES;
				ONLY_ACTIVE_ARCH = YES;
				SDKROOT = iphoneos;
				SWIFT_ACTIVE_COMPILATION_CONDITIONS = DEBUG;
				SWIFT_OPTIMIZATION_LEVEL = "-Onone";
			};
			name = Debug;
		};
		02539B6328CFA5C000DAE5C0 /* Release */ = {
			isa = XCBuildConfiguration;
			buildSettings = {
				ALWAYS_SEARCH_USER_PATHS = NO;
				CLANG_ANALYZER_NONNULL = YES;
				CLANG_ANALYZER_NUMBER_OBJECT_CONVERSION = YES_AGGRESSIVE;
				CLANG_CXX_LANGUAGE_STANDARD = "gnu++17";
				CLANG_CXX_LIBRARY = "libc++";
				CLANG_ENABLE_MODULES = YES;
				CLANG_ENABLE_OBJC_ARC = YES;
				CLANG_ENABLE_OBJC_WEAK = YES;
				CLANG_WARN_BLOCK_CAPTURE_AUTORELEASING = YES;
				CLANG_WARN_BOOL_CONVERSION = YES;
				CLANG_WARN_COMMA = YES;
				CLANG_WARN_CONSTANT_CONVERSION = YES;
				CLANG_WARN_DEPRECATED_OBJC_IMPLEMENTATIONS = YES;
				CLANG_WARN_DIRECT_OBJC_ISA_USAGE = YES_ERROR;
				CLANG_WARN_DOCUMENTATION_COMMENTS = YES;
				CLANG_WARN_EMPTY_BODY = YES;
				CLANG_WARN_ENUM_CONVERSION = YES;
				CLANG_WARN_INFINITE_RECURSION = YES;
				CLANG_WARN_INT_CONVERSION = YES;
				CLANG_WARN_NON_LITERAL_NULL_CONVERSION = YES;
				CLANG_WARN_OBJC_IMPLICIT_RETAIN_SELF = YES;
				CLANG_WARN_OBJC_LITERAL_CONVERSION = YES;
				CLANG_WARN_OBJC_ROOT_CLASS = YES_ERROR;
				CLANG_WARN_QUOTED_INCLUDE_IN_FRAMEWORK_HEADER = YES;
				CLANG_WARN_RANGE_LOOP_ANALYSIS = YES;
				CLANG_WARN_STRICT_PROTOTYPES = YES;
				CLANG_WARN_SUSPICIOUS_MOVE = YES;
				CLANG_WARN_UNGUARDED_AVAILABILITY = YES_AGGRESSIVE;
				CLANG_WARN_UNREACHABLE_CODE = YES;
				CLANG_WARN__DUPLICATE_METHOD_MATCH = YES;
				COPY_PHASE_STRIP = NO;
				DEBUG_INFORMATION_FORMAT = "dwarf-with-dsym";
				ENABLE_NS_ASSERTIONS = NO;
				ENABLE_STRICT_OBJC_MSGSEND = YES;
				GCC_C_LANGUAGE_STANDARD = gnu11;
				GCC_NO_COMMON_BLOCKS = YES;
				GCC_WARN_64_TO_32_BIT_CONVERSION = YES;
				GCC_WARN_ABOUT_RETURN_TYPE = YES_ERROR;
				GCC_WARN_UNDECLARED_SELECTOR = YES;
				GCC_WARN_UNINITIALIZED_AUTOS = YES_AGGRESSIVE;
				GCC_WARN_UNUSED_FUNCTION = YES;
				GCC_WARN_UNUSED_VARIABLE = YES;
				IPHONEOS_DEPLOYMENT_TARGET = 15.2;
				MTL_ENABLE_DEBUG_INFO = NO;
				MTL_FAST_MATH = YES;
				SDKROOT = iphoneos;
				SWIFT_COMPILATION_MODE = wholemodule;
				SWIFT_OPTIMIZATION_LEVEL = "-O";
				VALIDATE_PRODUCT = YES;
			};
			name = Release;
		};
		02539B6528CFA5C000DAE5C0 /* Debug */ = {
			isa = XCBuildConfiguration;
			buildSettings = {
				ASSETCATALOG_COMPILER_APPICON_NAME = AppIcon;
				ASSETCATALOG_COMPILER_GLOBAL_ACCENT_COLOR_NAME = AccentColor;
				CODE_SIGN_STYLE = Automatic;
				CURRENT_PROJECT_VERSION = 1;
				DEVELOPMENT_ASSET_PATHS = "Rocial/Resources/Preview\\ Content";
				DEVELOPMENT_TEAM = 6346F46FVY;
				ENABLE_PREVIEWS = YES;
				GENERATE_INFOPLIST_FILE = YES;
				INFOPLIST_KEY_UIApplicationSceneManifest_Generation = YES;
				INFOPLIST_KEY_UIApplicationSupportsIndirectInputEvents = YES;
				INFOPLIST_KEY_UILaunchScreen_Generation = YES;
				INFOPLIST_KEY_UISupportedInterfaceOrientations_iPad = "UIInterfaceOrientationPortrait UIInterfaceOrientationPortraitUpsideDown UIInterfaceOrientationLandscapeLeft UIInterfaceOrientationLandscapeRight";
				INFOPLIST_KEY_UISupportedInterfaceOrientations_iPhone = "UIInterfaceOrientationPortrait UIInterfaceOrientationLandscapeLeft UIInterfaceOrientationLandscapeRight";
				IPHONEOS_DEPLOYMENT_TARGET = 15.0;
				LD_RUNPATH_SEARCH_PATHS = (
					"$(inherited)",
					"@executable_path/Frameworks",
				);
				MARKETING_VERSION = 1.0;
				PRODUCT_BUNDLE_IDENTIFIER = com.mykoo.apps.Rocial;
				PRODUCT_NAME = "$(TARGET_NAME)";
				SWIFT_EMIT_LOC_STRINGS = YES;
				SWIFT_VERSION = 5.0;
				TARGETED_DEVICE_FAMILY = "1,2";
			};
			name = Debug;
		};
		02539B6628CFA5C000DAE5C0 /* Release */ = {
			isa = XCBuildConfiguration;
			buildSettings = {
				ASSETCATALOG_COMPILER_APPICON_NAME = AppIcon;
				ASSETCATALOG_COMPILER_GLOBAL_ACCENT_COLOR_NAME = AccentColor;
				CODE_SIGN_STYLE = Automatic;
				CURRENT_PROJECT_VERSION = 1;
				DEVELOPMENT_ASSET_PATHS = "Rocial/Resources/Preview\\ Content";
				DEVELOPMENT_TEAM = 6346F46FVY;
				ENABLE_PREVIEWS = YES;
				GENERATE_INFOPLIST_FILE = YES;
				INFOPLIST_KEY_UIApplicationSceneManifest_Generation = YES;
				INFOPLIST_KEY_UIApplicationSupportsIndirectInputEvents = YES;
				INFOPLIST_KEY_UILaunchScreen_Generation = YES;
				INFOPLIST_KEY_UISupportedInterfaceOrientations_iPad = "UIInterfaceOrientationPortrait UIInterfaceOrientationPortraitUpsideDown UIInterfaceOrientationLandscapeLeft UIInterfaceOrientationLandscapeRight";
				INFOPLIST_KEY_UISupportedInterfaceOrientations_iPhone = "UIInterfaceOrientationPortrait UIInterfaceOrientationLandscapeLeft UIInterfaceOrientationLandscapeRight";
				IPHONEOS_DEPLOYMENT_TARGET = 15.0;
				LD_RUNPATH_SEARCH_PATHS = (
					"$(inherited)",
					"@executable_path/Frameworks",
				);
				MARKETING_VERSION = 1.0;
				PRODUCT_BUNDLE_IDENTIFIER = com.mykoo.apps.Rocial;
				PRODUCT_NAME = "$(TARGET_NAME)";
				SWIFT_EMIT_LOC_STRINGS = YES;
				SWIFT_VERSION = 5.0;
				TARGETED_DEVICE_FAMILY = "1,2";
			};
			name = Release;
		};
/* End XCBuildConfiguration section */

/* Begin XCConfigurationList section */
		02539B5128CFA5BE00DAE5C0 /* Build configuration list for PBXProject "Rocial" */ = {
			isa = XCConfigurationList;
			buildConfigurations = (
				02539B6228CFA5C000DAE5C0 /* Debug */,
				02539B6328CFA5C000DAE5C0 /* Release */,
			);
			defaultConfigurationIsVisible = 0;
			defaultConfigurationName = Release;
		};
		02539B6428CFA5C000DAE5C0 /* Build configuration list for PBXNativeTarget "Rocial" */ = {
			isa = XCConfigurationList;
			buildConfigurations = (
				02539B6528CFA5C000DAE5C0 /* Debug */,
				02539B6628CFA5C000DAE5C0 /* Release */,
			);
			defaultConfigurationIsVisible = 0;
			defaultConfigurationName = Release;
		};
/* End XCConfigurationList section */

/* Begin XCRemoteSwiftPackageReference section */
		02539B8428CFB0A300DAE5C0 /* XCRemoteSwiftPackageReference "firebase-ios-sdk" */ = {
			isa = XCRemoteSwiftPackageReference;
			repositoryURL = "https://github.com/firebase/firebase-ios-sdk.git";
			requirement = {
				kind = upToNextMajorVersion;
				minimumVersion = 9.0.0;
			};
		};
/* End XCRemoteSwiftPackageReference section */

/* Begin XCSwiftPackageProductDependency section */
		02539B8528CFB0A300DAE5C0 /* FirebaseAnalytics */ = {
			isa = XCSwiftPackageProductDependency;
			package = 02539B8428CFB0A300DAE5C0 /* XCRemoteSwiftPackageReference "firebase-ios-sdk" */;
			productName = FirebaseAnalytics;
		};
		02539B8728CFB0A300DAE5C0 /* FirebaseAuth */ = {
			isa = XCSwiftPackageProductDependency;
			package = 02539B8428CFB0A300DAE5C0 /* XCRemoteSwiftPackageReference "firebase-ios-sdk" */;
			productName = FirebaseAuth;
		};
		02539B8928CFB0A300DAE5C0 /* FirebaseFirestore */ = {
			isa = XCSwiftPackageProductDependency;
			package = 02539B8428CFB0A300DAE5C0 /* XCRemoteSwiftPackageReference "firebase-ios-sdk" */;
			productName = FirebaseFirestore;
		};
		02539B8B28CFB0A300DAE5C0 /* FirebaseFirestoreSwift */ = {
			isa = XCSwiftPackageProductDependency;
			package = 02539B8428CFB0A300DAE5C0 /* XCRemoteSwiftPackageReference "firebase-ios-sdk" */;
			productName = FirebaseFirestoreSwift;
		};
/* End XCSwiftPackageProductDependency section */
	};
	rootObject = 02539B4E28CFA5BE00DAE5C0 /* Project object */;
}
